
Microsoft Visual Studio Solution File, Format Version 12.00
# Visual Studio Version 17
VisualStudioVersion = 17.7.34018.315
MinimumVisualStudioVersion = 10.0.40219.1
Project("{9A19103F-16F7-4668-BE54-9A1E7A4F7556}") = "Baitap2_Ls01_Quanly_hanghoa", "Baitap2_Ls01_Quanly_hanghoa\Baitap2_Ls01_Quanly_hanghoa.csproj", "{3BD9C5A9-71EE-43F2-98A0-C617ACCE58D3}"
EndProject
Project("{9A19103F-16F7-4668-BE54-9A1E7A4F7556}") = "Baitap_Lession02_QuanLy_hanghoa", "Baitap_Lession02_QuanLy_hanghoa\Baitap_Lession02_QuanLy_hanghoa.csproj", "{1194C077-C11D-4BB6-AD76-87656B81247B}"
EndProject
Project("{9A19103F-16F7-4668-BE54-9A1E7A4F7556}") = "Lession04", "Lession04\Lession04.csproj", "{8583EAA2-8C7A-470E-92FB-9494DBC4173A}"
EndProject
Project("{9A19103F-16F7-4668-BE54-9A1E7A4F7556}") = "Lession04_Lab", "Lession04_Lab\Lession04_Lab.csproj", "{8A73E4AC-31DF-4688-9465-6E8E0B0D64C2}"
EndProject
Project("{9A19103F-16F7-4668-BE54-9A1E7A4F7556}") = "Lession04_Product", "Lession04_Product\Lession04_Product.csproj", "{59035F89-6EEF-424E-9DE3-848868BE7038}"
EndProject
Project("{9A19103F-16F7-4668-BE54-9A1E7A4F7556}") = "Lession05", "Lession05\Lession05.csproj", "{B5C5959C-B9C3-405F-81DE-314C065C82B4}"
EndProject
Project("{9A19103F-16F7-4668-BE54-9A1E7A4F7556}") = "Lession05_App_Account", "App_Account\Lession05_App_Account.csproj", "{9497E1A9-013D-478B-88D1-18C1EDEED62D}"
EndProject
Project("{9A19103F-16F7-4668-BE54-9A1E7A4F7556}") = "Lession05_Tulam_Product_Category", "Lession05_Tulam_Product_Category\Lession05_Tulam_Product_Category.csproj", "{46A1B5E7-621C-4044-9A07-29B718040743}"
EndProject
Project("{9A19103F-16F7-4668-BE54-9A1E7A4F7556}") = "Lession06_Lab_Entity", "Lession06_Lab_Entity\Lession06_Lab_Entity.csproj", "{229A863F-59F8-451C-99EC-1D902A05ECD4}"
EndProject
Project("{FAE04EC0-301F-11D3-BF4B-00C04F79EFBC}") = "Lession06_DbConText", "Lession06_DbConText\Lession06_DbConText.csproj", "{9310FD36-34A9-47A4-BC43-EA174F0AFC23}"
EndProject
Project("{FAE04EC0-301F-11D3-BF4B-00C04F79EFBC}") = "Lession06_DbContext_CF", "Lession06_DbContext_CF\Lession06_DbContext_CF.csproj", "{EA272B1B-E8C0-4AB2-BE17-A50DD8827C76}"
EndProject
Global
	GlobalSection(SolutionConfigurationPlatforms) = preSolution
		Debug|Any CPU = Debug|Any CPU
		Release|Any CPU = Release|Any CPU
	EndGlobalSection
	GlobalSection(ProjectConfigurationPlatforms) = postSolution
		{3BD9C5A9-71EE-43F2-98A0-C617ACCE58D3}.Debug|Any CPU.ActiveCfg = Debug|Any CPU
		{3BD9C5A9-71EE-43F2-98A0-C617ACCE58D3}.Debug|Any CPU.Build.0 = Debug|Any CPU
		{3BD9C5A9-71EE-43F2-98A0-C617ACCE58D3}.Release|Any CPU.ActiveCfg = Release|Any CPU
		{3BD9C5A9-71EE-43F2-98A0-C617ACCE58D3}.Release|Any CPU.Build.0 = Release|Any CPU
		{1194C077-C11D-4BB6-AD76-87656B81247B}.Debug|Any CPU.ActiveCfg = Debug|Any CPU
		{1194C077-C11D-4BB6-AD76-87656B81247B}.Debug|Any CPU.Build.0 = Debug|Any CPU
		{1194C077-C11D-4BB6-AD76-87656B81247B}.Release|Any CPU.ActiveCfg = Release|Any CPU
		{1194C077-C11D-4BB6-AD76-87656B81247B}.Release|Any CPU.Build.0 = Release|Any CPU
		{8583EAA2-8C7A-470E-92FB-9494DBC4173A}.Debug|Any CPU.ActiveCfg = Debug|Any CPU
		{8583EAA2-8C7A-470E-92FB-9494DBC4173A}.Debug|Any CPU.Build.0 = Debug|Any CPU
		{8583EAA2-8C7A-470E-92FB-9494DBC4173A}.Release|Any CPU.ActiveCfg = Release|Any CPU
		{8583EAA2-8C7A-470E-92FB-9494DBC4173A}.Release|Any CPU.Build.0 = Release|Any CPU
		{8A73E4AC-31DF-4688-9465-6E8E0B0D64C2}.Debug|Any CPU.ActiveCfg = Debug|Any CPU
		{8A73E4AC-31DF-4688-9465-6E8E0B0D64C2}.Debug|Any CPU.Build.0 = Debug|Any CPU
		{8A73E4AC-31DF-4688-9465-6E8E0B0D64C2}.Release|Any CPU.ActiveCfg = Release|Any CPU
		{8A73E4AC-31DF-4688-9465-6E8E0B0D64C2}.Release|Any CPU.Build.0 = Release|Any CPU
		{59035F89-6EEF-424E-9DE3-848868BE7038}.Debug|Any CPU.ActiveCfg = Debug|Any CPU
		{59035F89-6EEF-424E-9DE3-848868BE7038}.Debug|Any CPU.Build.0 = Debug|Any CPU
		{59035F89-6EEF-424E-9DE3-848868BE7038}.Release|Any CPU.ActiveCfg = Release|Any CPU
		{59035F89-6EEF-424E-9DE3-848868BE7038}.Release|Any CPU.Build.0 = Release|Any CPU
		{B5C5959C-B9C3-405F-81DE-314C065C82B4}.Debug|Any CPU.ActiveCfg = Debug|Any CPU
		{B5C5959C-B9C3-405F-81DE-314C065C82B4}.Debug|Any CPU.Build.0 = Debug|Any CPU
		{B5C5959C-B9C3-405F-81DE-314C065C82B4}.Release|Any CPU.ActiveCfg = Release|Any CPU
		{B5C5959C-B9C3-405F-81DE-314C065C82B4}.Release|Any CPU.Build.0 = Release|Any CPU
		{9497E1A9-013D-478B-88D1-18C1EDEED62D}.Debug|Any CPU.ActiveCfg = Debug|Any CPU
		{9497E1A9-013D-478B-88D1-18C1EDEED62D}.Debug|Any CPU.Build.0 = Debug|Any CPU
		{9497E1A9-013D-478B-88D1-18C1EDEED62D}.Release|Any CPU.ActiveCfg = Release|Any CPU
		{9497E1A9-013D-478B-88D1-18C1EDEED62D}.Release|Any CPU.Build.0 = Release|Any CPU
		{46A1B5E7-621C-4044-9A07-29B718040743}.Debug|Any CPU.ActiveCfg = Debug|Any CPU
		{46A1B5E7-621C-4044-9A07-29B718040743}.Debug|Any CPU.Build.0 = Debug|Any CPU
		{46A1B5E7-621C-4044-9A07-29B718040743}.Release|Any CPU.ActiveCfg = Release|Any CPU
		{46A1B5E7-621C-4044-9A07-29B718040743}.Release|Any CPU.Build.0 = Release|Any CPU
		{229A863F-59F8-451C-99EC-1D902A05ECD4}.Debug|Any CPU.ActiveCfg = Debug|Any CPU
		{229A863F-59F8-451C-99EC-1D902A05ECD4}.Debug|Any CPU.Build.0 = Debug|Any CPU
		{229A863F-59F8-451C-99EC-1D902A05ECD4}.Release|Any CPU.ActiveCfg = Release|Any CPU
		{229A863F-59F8-451C-99EC-1D902A05ECD4}.Release|Any CPU.Build.0 = Release|Any CPU
		{9310FD36-34A9-47A4-BC43-EA174F0AFC23}.Debug|Any CPU.ActiveCfg = Debug|Any CPU
		{9310FD36-34A9-47A4-BC43-EA174F0AFC23}.Debug|Any CPU.Build.0 = Debug|Any CPU
		{9310FD36-34A9-47A4-BC43-EA174F0AFC23}.Release|Any CPU.ActiveCfg = Release|Any CPU
		{9310FD36-34A9-47A4-BC43-EA174F0AFC23}.Release|Any CPU.Build.0 = Release|Any CPU
		{EA272B1B-E8C0-4AB2-BE17-A50DD8827C76}.Debug|Any CPU.ActiveCfg = Debug|Any CPU
		{EA272B1B-E8C0-4AB2-BE17-A50DD8827C76}.Debug|Any CPU.Build.0 = Debug|Any CPU
		{EA272B1B-E8C0-4AB2-BE17-A50DD8827C76}.Release|Any CPU.ActiveCfg = Release|Any CPU
		{EA272B1B-E8C0-4AB2-BE17-A50DD8827C76}.Release|Any CPU.Build.0 = Release|Any CPU
	EndGlobalSection
	GlobalSection(SolutionProperties) = preSolution
		HideSolutionNode = FALSE
	EndGlobalSection
	GlobalSection(ExtensibilityGlobals) = postSolution
		SolutionGuid = {8CCC65C9-8DAD-495A-AD7F-2E6839AEFF23}
	EndGlobalSection
EndGlobal
